
Microsoft Visual Studio Solution File, Format Version 11.00
# Visual Studio 2010
Project("{FAE04EC0-301F-11D3-BF4B-00C04F79EFBC}") = "DBConn", "DBConn\DBConn.csproj", "{BE0E70DD-D136-4B30-B78A-355541CFA06E}"
EndProject
Global
	GlobalSection(SolutionConfigurationPlatforms) = preSolution
		Debug|Any CPU = Debug|Any CPU
		Release|Any CPU = Release|Any CPU
	EndGlobalSection
	GlobalSection(ProjectConfigurationPlatforms) = postSolution
		{BE0E70DD-D136-4B30-B78A-355541CFA06E}.Debug|Any CPU.ActiveCfg = Debug|Any CPU
		{BE0E70DD-D136-4B30-B78A-355541CFA06E}.Debug|Any CPU.Build.0 = Debug|Any CPU
		{BE0E70DD-D136-4B30-B78A-355541CFA06E}.Release|Any CPU.ActiveCfg = Release|Any CPU
		{BE0E70DD-D136-4B30-B78A-355541CFA06E}.Release|Any CPU.Build.0 = Release|Any CPU
	EndGlobalSection
	GlobalSection(SolutionProperties) = preSolution
		HideSolutionNode = FALSE
	EndGlobalSection
EndGlobal
